
Microsoft Visual Studio Solution File, Format Version 12.00
# Visual Studio Version 16
VisualStudioVersion = 16.0.32126.315
MinimumVisualStudioVersion = 10.0.40219.1
Project("{FAE04EC0-301F-11D3-BF4B-00C04F79EFBC}") = "6p", "6p.csproj", "{858C200D-CB97-49AE-B0C1-E2218776AE98}"
EndProject
Global
	GlobalSection(SolutionConfigurationPlatforms) = preSolution
		Debug|Any CPU = Debug|Any CPU
		Release|Any CPU = Release|Any CPU
	EndGlobalSection
	GlobalSection(ProjectConfigurationPlatforms) = postSolution
		{858C200D-CB97-49AE-B0C1-E2218776AE98}.Debug|Any CPU.ActiveCfg = Debug|Any CPU
		{858C200D-CB97-49AE-B0C1-E2218776AE98}.Debug|Any CPU.Build.0 = Debug|Any CPU
		{858C200D-CB97-49AE-B0C1-E2218776AE98}.Release|Any CPU.ActiveCfg = Release|Any CPU
		{858C200D-CB97-49AE-B0C1-E2218776AE98}.Release|Any CPU.Build.0 = Release|Any CPU
	EndGlobalSection
	GlobalSection(SolutionProperties) = preSolution
		HideSolutionNode = FALSE
	EndGlobalSection
	GlobalSection(ExtensibilityGlobals) = postSolution
		SolutionGuid = {2BDC13EF-2F9D-4E77-B34A-94516D2C46B5}
	EndGlobalSection
EndGlobal
